
Microsoft Visual Studio Solution File, Format Version 12.00
# Visual Studio 15
Project("{FAE04EC0-301F-11D3-BF4B-00C04F79EFBC}") = "Assembly-CSharp", "Assembly-CSharp.csproj", "{A85BFEB0-1895-9225-0289-A2482D1D8D3C}"
EndProject
Project("{FAE04EC0-301F-11D3-BF4B-00C04F79EFBC}") = "Assembly-CSharp-Editor", "Assembly-CSharp-Editor.csproj", "{D1C263BC-6B63-6640-3A82-FB701FF5416D}"
EndProject
Global
	GlobalSection(SolutionConfigurationPlatforms) = preSolution
		Debug|Any CPU = Debug|Any CPU
		Release|Any CPU = Release|Any CPU
	EndGlobalSection
	GlobalSection(ProjectConfigurationPlatforms) = postSolution
		{A85BFEB0-1895-9225-0289-A2482D1D8D3C}.Debug|Any CPU.ActiveCfg = Debug|Any CPU
		{A85BFEB0-1895-9225-0289-A2482D1D8D3C}.Debug|Any CPU.Build.0 = Debug|Any CPU
		{A85BFEB0-1895-9225-0289-A2482D1D8D3C}.Release|Any CPU.ActiveCfg = Release|Any CPU
		{A85BFEB0-1895-9225-0289-A2482D1D8D3C}.Release|Any CPU.Build.0 = Release|Any CPU
		{D1C263BC-6B63-6640-3A82-FB701FF5416D}.Debug|Any CPU.ActiveCfg = Debug|Any CPU
		{D1C263BC-6B63-6640-3A82-FB701FF5416D}.Debug|Any CPU.Build.0 = Debug|Any CPU
		{D1C263BC-6B63-6640-3A82-FB701FF5416D}.Release|Any CPU.ActiveCfg = Release|Any CPU
		{D1C263BC-6B63-6640-3A82-FB701FF5416D}.Release|Any CPU.Build.0 = Release|Any CPU
	EndGlobalSection
	GlobalSection(SolutionProperties) = preSolution
		HideSolutionNode = FALSE
	EndGlobalSection
EndGlobal
